
Microsoft Visual Studio Solution File, Format Version 12.00
# Visual Studio Version 17
VisualStudioVersion = 17.7.34024.191
MinimumVisualStudioVersion = 10.0.40219.1
Project("{FAE04EC0-301F-11D3-BF4B-00C04F79EFBC}") = "C#Boss.AzExamApplication", "C#Boss.AzExamApplication\C#Boss.AzExamApplication.csproj", "{14A11F41-0930-49EF-9608-73F8CD4BEED4}"
EndProject
Global
	GlobalSection(SolutionConfigurationPlatforms) = preSolution
		Debug|Any CPU = Debug|Any CPU
		Release|Any CPU = Release|Any CPU
	EndGlobalSection
	GlobalSection(ProjectConfigurationPlatforms) = postSolution
		{14A11F41-0930-49EF-9608-73F8CD4BEED4}.Debug|Any CPU.ActiveCfg = Debug|Any CPU
		{14A11F41-0930-49EF-9608-73F8CD4BEED4}.Debug|Any CPU.Build.0 = Debug|Any CPU
		{14A11F41-0930-49EF-9608-73F8CD4BEED4}.Release|Any CPU.ActiveCfg = Release|Any CPU
		{14A11F41-0930-49EF-9608-73F8CD4BEED4}.Release|Any CPU.Build.0 = Release|Any CPU
	EndGlobalSection
	GlobalSection(SolutionProperties) = preSolution
		HideSolutionNode = FALSE
	EndGlobalSection
	GlobalSection(ExtensibilityGlobals) = postSolution
		SolutionGuid = {5114CF5D-6C4C-4B27-A61E-6F5322CC0DC5}
	EndGlobalSection
EndGlobal
